
Microsoft Visual Studio Solution File, Format Version 12.00
# Visual Studio 14
VisualStudioVersion = 14.0.25420.1
MinimumVisualStudioVersion = 10.0.40219.1
Project("{F2A71F9B-5D33-465A-A702-920D77279786}") = "Describer", "Describer\Describer.fsproj", "{A79C15E7-61D8-4480-8914-FDBDBAB5F34C}"
EndProject
Project("{FAE04EC0-301F-11D3-BF4B-00C04F79EFBC}") = "Describer.Test", "Describer.Test\Describer.Test.csproj", "{2CE064D1-A970-48A8-8907-F1020125CDFB}"
EndProject
Global
	GlobalSection(SolutionConfigurationPlatforms) = preSolution
		Debug|Any CPU = Debug|Any CPU
		Release|Any CPU = Release|Any CPU
	EndGlobalSection
	GlobalSection(ProjectConfigurationPlatforms) = postSolution
		{A79C15E7-61D8-4480-8914-FDBDBAB5F34C}.Debug|Any CPU.ActiveCfg = Debug|Any CPU
		{A79C15E7-61D8-4480-8914-FDBDBAB5F34C}.Debug|Any CPU.Build.0 = Debug|Any CPU
		{A79C15E7-61D8-4480-8914-FDBDBAB5F34C}.Release|Any CPU.ActiveCfg = Release|Any CPU
		{A79C15E7-61D8-4480-8914-FDBDBAB5F34C}.Release|Any CPU.Build.0 = Release|Any CPU
		{2CE064D1-A970-48A8-8907-F1020125CDFB}.Debug|Any CPU.ActiveCfg = Debug|Any CPU
		{2CE064D1-A970-48A8-8907-F1020125CDFB}.Debug|Any CPU.Build.0 = Debug|Any CPU
		{2CE064D1-A970-48A8-8907-F1020125CDFB}.Release|Any CPU.ActiveCfg = Release|Any CPU
		{2CE064D1-A970-48A8-8907-F1020125CDFB}.Release|Any CPU.Build.0 = Release|Any CPU
	EndGlobalSection
	GlobalSection(SolutionProperties) = preSolution
		HideSolutionNode = FALSE
	EndGlobalSection
EndGlobal
